
Microsoft Visual Studio Solution File, Format Version 12.00
# Visual Studio Version 16
VisualStudioVersion = 16.0.34601.136
MinimumVisualStudioVersion = 10.0.40219.1
Project("{FAE04EC0-301F-11D3-BF4B-00C04F79EFBC}") = "Data_first", "Data_first\Data_first.csproj", "{356B8C0D-8B65-449D-B645-4DC3EC39DDEB}"
EndProject
Global
	GlobalSection(SolutionConfigurationPlatforms) = preSolution
		Debug|Any CPU = Debug|Any CPU
		Release|Any CPU = Release|Any CPU
	EndGlobalSection
	GlobalSection(ProjectConfigurationPlatforms) = postSolution
		{356B8C0D-8B65-449D-B645-4DC3EC39DDEB}.Debug|Any CPU.ActiveCfg = Debug|Any CPU
		{356B8C0D-8B65-449D-B645-4DC3EC39DDEB}.Debug|Any CPU.Build.0 = Debug|Any CPU
		{356B8C0D-8B65-449D-B645-4DC3EC39DDEB}.Release|Any CPU.ActiveCfg = Release|Any CPU
		{356B8C0D-8B65-449D-B645-4DC3EC39DDEB}.Release|Any CPU.Build.0 = Release|Any CPU
	EndGlobalSection
	GlobalSection(SolutionProperties) = preSolution
		HideSolutionNode = FALSE
	EndGlobalSection
	GlobalSection(ExtensibilityGlobals) = postSolution
		SolutionGuid = {1908077E-6398-4E6B-A559-82EAA9B1B72E}
	EndGlobalSection
EndGlobal
